
Microsoft Visual Studio Solution File, Format Version 12.00
# Visual Studio Version 16
VisualStudioVersion = 16.0.28917.182
MinimumVisualStudioVersion = 10.0.40219.1
Project("{FAE04EC0-301F-11D3-BF4B-00C04F79EFBC}") = "ConsoleDemo2", "ConsoleDemo2\ConsoleDemo2.csproj", "{AC84D286-3376-4CD2-BEEA-B06466ECBF3D}"
EndProject
Global
	GlobalSection(SolutionConfigurationPlatforms) = preSolution
		Debug|Any CPU = Debug|Any CPU
		Release|Any CPU = Release|Any CPU
	EndGlobalSection
	GlobalSection(ProjectConfigurationPlatforms) = postSolution
		{AC84D286-3376-4CD2-BEEA-B06466ECBF3D}.Debug|Any CPU.ActiveCfg = Debug|Any CPU
		{AC84D286-3376-4CD2-BEEA-B06466ECBF3D}.Debug|Any CPU.Build.0 = Debug|Any CPU
		{AC84D286-3376-4CD2-BEEA-B06466ECBF3D}.Release|Any CPU.ActiveCfg = Release|Any CPU
		{AC84D286-3376-4CD2-BEEA-B06466ECBF3D}.Release|Any CPU.Build.0 = Release|Any CPU
	EndGlobalSection
	GlobalSection(SolutionProperties) = preSolution
		HideSolutionNode = FALSE
	EndGlobalSection
	GlobalSection(ExtensibilityGlobals) = postSolution
		SolutionGuid = {EC006A64-A01E-4287-BCB3-767E7C18F061}
	EndGlobalSection
EndGlobal
